
Microsoft Visual Studio Solution File, Format Version 12.00
# Visual Studio Version 17
VisualStudioVersion = 17.12.35707.178 d17.12
MinimumVisualStudioVersion = 10.0.40219.1
Project("{FAE04EC0-301F-11D3-BF4B-00C04F79EFBC}") = "Core.Api", "Core.Api\Core.Api.csproj", "{675435BB-5916-48DB-9603-808801852377}"
EndProject
Project("{FAE04EC0-301F-11D3-BF4B-00C04F79EFBC}") = "Core.Infra", "Core.Infra\Core.Infra.csproj", "{5BA9E1A3-8100-437A-8018-AC7054C58218}"
EndProject
Project("{FAE04EC0-301F-11D3-BF4B-00C04F79EFBC}") = "Core.Application", "Core.Application\Core.Application.csproj", "{8690F059-FB3F-4C78-A70A-B4E4BA4567A4}"
EndProject
Project("{FAE04EC0-301F-11D3-BF4B-00C04F79EFBC}") = "Core.Domain", "Core.Domain\Core.Domain.csproj", "{DCC4564A-EF82-48B8-8AA3-6832FA11B618}"
EndProject
Global
	GlobalSection(SolutionConfigurationPlatforms) = preSolution
		Debug|Any CPU = Debug|Any CPU
		Release|Any CPU = Release|Any CPU
	EndGlobalSection
	GlobalSection(ProjectConfigurationPlatforms) = postSolution
		{675435BB-5916-48DB-9603-808801852377}.Debug|Any CPU.ActiveCfg = Debug|Any CPU
		{675435BB-5916-48DB-9603-808801852377}.Debug|Any CPU.Build.0 = Debug|Any CPU
		{675435BB-5916-48DB-9603-808801852377}.Release|Any CPU.ActiveCfg = Release|Any CPU
		{675435BB-5916-48DB-9603-808801852377}.Release|Any CPU.Build.0 = Release|Any CPU
		{5BA9E1A3-8100-437A-8018-AC7054C58218}.Debug|Any CPU.ActiveCfg = Debug|Any CPU
		{5BA9E1A3-8100-437A-8018-AC7054C58218}.Debug|Any CPU.Build.0 = Debug|Any CPU
		{5BA9E1A3-8100-437A-8018-AC7054C58218}.Release|Any CPU.ActiveCfg = Release|Any CPU
		{5BA9E1A3-8100-437A-8018-AC7054C58218}.Release|Any CPU.Build.0 = Release|Any CPU
		{8690F059-FB3F-4C78-A70A-B4E4BA4567A4}.Debug|Any CPU.ActiveCfg = Debug|Any CPU
		{8690F059-FB3F-4C78-A70A-B4E4BA4567A4}.Debug|Any CPU.Build.0 = Debug|Any CPU
		{8690F059-FB3F-4C78-A70A-B4E4BA4567A4}.Release|Any CPU.ActiveCfg = Release|Any CPU
		{8690F059-FB3F-4C78-A70A-B4E4BA4567A4}.Release|Any CPU.Build.0 = Release|Any CPU
		{DCC4564A-EF82-48B8-8AA3-6832FA11B618}.Debug|Any CPU.ActiveCfg = Debug|Any CPU
		{DCC4564A-EF82-48B8-8AA3-6832FA11B618}.Debug|Any CPU.Build.0 = Debug|Any CPU
		{DCC4564A-EF82-48B8-8AA3-6832FA11B618}.Release|Any CPU.ActiveCfg = Release|Any CPU
		{DCC4564A-EF82-48B8-8AA3-6832FA11B618}.Release|Any CPU.Build.0 = Release|Any CPU
	EndGlobalSection
	GlobalSection(SolutionProperties) = preSolution
		HideSolutionNode = FALSE
	EndGlobalSection
EndGlobal
